
Microsoft Visual Studio Solution File, Format Version 12.00
# Visual Studio 14
VisualStudioVersion = 14.0.25420.1
MinimumVisualStudioVersion = 10.0.40219.1
Project("{FAE04EC0-301F-11D3-BF4B-00C04F79EFBC}") = "tutorial_chapter7_1", "tutorial_chapter7_1\tutorial_chapter7_1.csproj", "{5E0701DA-67A9-4B2D-B197-F8EE6E5E0E54}"
EndProject
Global
	GlobalSection(SolutionConfigurationPlatforms) = preSolution
		Debug|Any CPU = Debug|Any CPU
		Release|Any CPU = Release|Any CPU
	EndGlobalSection
	GlobalSection(ProjectConfigurationPlatforms) = postSolution
		{5E0701DA-67A9-4B2D-B197-F8EE6E5E0E54}.Debug|Any CPU.ActiveCfg = Debug|Any CPU
		{5E0701DA-67A9-4B2D-B197-F8EE6E5E0E54}.Debug|Any CPU.Build.0 = Debug|Any CPU
		{5E0701DA-67A9-4B2D-B197-F8EE6E5E0E54}.Release|Any CPU.ActiveCfg = Release|Any CPU
		{5E0701DA-67A9-4B2D-B197-F8EE6E5E0E54}.Release|Any CPU.Build.0 = Release|Any CPU
	EndGlobalSection
	GlobalSection(SolutionProperties) = preSolution
		HideSolutionNode = FALSE
	EndGlobalSection
EndGlobal
